
Microsoft Visual Studio Solution File, Format Version 12.00
# Visual Studio Version 16
VisualStudioVersion = 16.0.32106.194
MinimumVisualStudioVersion = 10.0.40219.1
Project("{FAE04EC0-301F-11D3-BF4B-00C04F79EFBC}") = "evoting", "evoting\evoting.csproj", "{A2B8997A-573B-44CC-888F-681E8CF429A7}"
EndProject
Global
	GlobalSection(SolutionConfigurationPlatforms) = preSolution
		Debug|Any CPU = Debug|Any CPU
		Release|Any CPU = Release|Any CPU
	EndGlobalSection
	GlobalSection(ProjectConfigurationPlatforms) = postSolution
		{A2B8997A-573B-44CC-888F-681E8CF429A7}.Debug|Any CPU.ActiveCfg = Debug|Any CPU
		{A2B8997A-573B-44CC-888F-681E8CF429A7}.Debug|Any CPU.Build.0 = Debug|Any CPU
		{A2B8997A-573B-44CC-888F-681E8CF429A7}.Release|Any CPU.ActiveCfg = Release|Any CPU
		{A2B8997A-573B-44CC-888F-681E8CF429A7}.Release|Any CPU.Build.0 = Release|Any CPU
	EndGlobalSection
	GlobalSection(SolutionProperties) = preSolution
		HideSolutionNode = FALSE
	EndGlobalSection
	GlobalSection(ExtensibilityGlobals) = postSolution
		SolutionGuid = {9767BEED-76B0-4DDE-84C7-CDA5C0970729}
	EndGlobalSection
EndGlobal
